
Microsoft Visual Studio Solution File, Format Version 12.00
# Visual Studio 14
VisualStudioVersion = 14.0.25420.1
MinimumVisualStudioVersion = 10.0.40219.1
Project("{FAE04EC0-301F-11D3-BF4B-00C04F79EFBC}") = "ExceptionHandling.Task2.Tests", "ExceptionHandling.Task2.Tests\ExceptionHandling.Task2.Tests.csproj", "{150A80BE-42BA-42BF-8A2E-D704F3F85D3C}"
EndProject
Project("{FAE04EC0-301F-11D3-BF4B-00C04F79EFBC}") = "ExceptionHandling.Task2.Core", "ExceptionHandling.Task2.Core\ExceptionHandling.Task2.Core.csproj", "{3A11C10C-0216-4628-8265-284A5A0B7D88}"
EndProject
Project("{FAE04EC0-301F-11D3-BF4B-00C04F79EFBC}") = "ExceptionHandling.Task2.UI", "ExceptionHandling.Task2.UI\ExceptionHandling.Task2.UI.csproj", "{35A80367-3BFB-46B6-976D-9033F00ED3C4}"
EndProject
Global
	GlobalSection(SolutionConfigurationPlatforms) = preSolution
		Debug|Any CPU = Debug|Any CPU
		Release|Any CPU = Release|Any CPU
	EndGlobalSection
	GlobalSection(ProjectConfigurationPlatforms) = postSolution
		{150A80BE-42BA-42BF-8A2E-D704F3F85D3C}.Debug|Any CPU.ActiveCfg = Debug|Any CPU
		{150A80BE-42BA-42BF-8A2E-D704F3F85D3C}.Debug|Any CPU.Build.0 = Debug|Any CPU
		{150A80BE-42BA-42BF-8A2E-D704F3F85D3C}.Release|Any CPU.ActiveCfg = Release|Any CPU
		{150A80BE-42BA-42BF-8A2E-D704F3F85D3C}.Release|Any CPU.Build.0 = Release|Any CPU
		{3A11C10C-0216-4628-8265-284A5A0B7D88}.Debug|Any CPU.ActiveCfg = Debug|Any CPU
		{3A11C10C-0216-4628-8265-284A5A0B7D88}.Debug|Any CPU.Build.0 = Debug|Any CPU
		{3A11C10C-0216-4628-8265-284A5A0B7D88}.Release|Any CPU.ActiveCfg = Release|Any CPU
		{3A11C10C-0216-4628-8265-284A5A0B7D88}.Release|Any CPU.Build.0 = Release|Any CPU
		{35A80367-3BFB-46B6-976D-9033F00ED3C4}.Debug|Any CPU.ActiveCfg = Debug|Any CPU
		{35A80367-3BFB-46B6-976D-9033F00ED3C4}.Debug|Any CPU.Build.0 = Debug|Any CPU
		{35A80367-3BFB-46B6-976D-9033F00ED3C4}.Release|Any CPU.ActiveCfg = Release|Any CPU
		{35A80367-3BFB-46B6-976D-9033F00ED3C4}.Release|Any CPU.Build.0 = Release|Any CPU
	EndGlobalSection
	GlobalSection(SolutionProperties) = preSolution
		HideSolutionNode = FALSE
	EndGlobalSection
EndGlobal
