
Microsoft Visual Studio Solution File, Format Version 12.00
# Visual Studio 14
VisualStudioVersion = 14.0.25420.1
MinimumVisualStudioVersion = 10.0.40219.1
Project("{FAE04EC0-301F-11D3-BF4B-00C04F79EFBC}") = "BasicXml.UI", "BasicXml.UI\BasicXml.UI.csproj", "{7BCC1200-0E29-49FA-92DC-6C1719F80943}"
EndProject
Project("{FAE04EC0-301F-11D3-BF4B-00C04F79EFBC}") = "BasicXml.BLL", "BasicXml.BLL\BasicXml.BLL.csproj", "{C4BDE15E-162B-4551-8A06-5114F61E3979}"
EndProject
Project("{FAE04EC0-301F-11D3-BF4B-00C04F79EFBC}") = "BasicXml.DAL", "BasicXml.DAL\BasicXml.DAL.csproj", "{8B8390E9-4E75-4E76-9E25-AABD97F45DC0}"
EndProject
Project("{FAE04EC0-301F-11D3-BF4B-00C04F79EFBC}") = "BasicXml.Entities", "BasicXml.Entities\BasicXml.Entities.csproj", "{025E010D-A22D-43AD-BD5C-0C97B27540F6}"
EndProject
Project("{FAE04EC0-301F-11D3-BF4B-00C04F79EFBC}") = "BasicXml.Common", "BasicXml.Common\BasicXml.Common.csproj", "{B858D3BF-8C93-425D-B22D-6FECA136C43D}"
EndProject
Global
	GlobalSection(SolutionConfigurationPlatforms) = preSolution
		Debug|Any CPU = Debug|Any CPU
		Release|Any CPU = Release|Any CPU
	EndGlobalSection
	GlobalSection(ProjectConfigurationPlatforms) = postSolution
		{7BCC1200-0E29-49FA-92DC-6C1719F80943}.Debug|Any CPU.ActiveCfg = Debug|Any CPU
		{7BCC1200-0E29-49FA-92DC-6C1719F80943}.Debug|Any CPU.Build.0 = Debug|Any CPU
		{7BCC1200-0E29-49FA-92DC-6C1719F80943}.Release|Any CPU.ActiveCfg = Release|Any CPU
		{7BCC1200-0E29-49FA-92DC-6C1719F80943}.Release|Any CPU.Build.0 = Release|Any CPU
		{C4BDE15E-162B-4551-8A06-5114F61E3979}.Debug|Any CPU.ActiveCfg = Debug|Any CPU
		{C4BDE15E-162B-4551-8A06-5114F61E3979}.Debug|Any CPU.Build.0 = Debug|Any CPU
		{C4BDE15E-162B-4551-8A06-5114F61E3979}.Release|Any CPU.ActiveCfg = Release|Any CPU
		{C4BDE15E-162B-4551-8A06-5114F61E3979}.Release|Any CPU.Build.0 = Release|Any CPU
		{8B8390E9-4E75-4E76-9E25-AABD97F45DC0}.Debug|Any CPU.ActiveCfg = Debug|Any CPU
		{8B8390E9-4E75-4E76-9E25-AABD97F45DC0}.Debug|Any CPU.Build.0 = Debug|Any CPU
		{8B8390E9-4E75-4E76-9E25-AABD97F45DC0}.Release|Any CPU.ActiveCfg = Release|Any CPU
		{8B8390E9-4E75-4E76-9E25-AABD97F45DC0}.Release|Any CPU.Build.0 = Release|Any CPU
		{025E010D-A22D-43AD-BD5C-0C97B27540F6}.Debug|Any CPU.ActiveCfg = Debug|Any CPU
		{025E010D-A22D-43AD-BD5C-0C97B27540F6}.Debug|Any CPU.Build.0 = Debug|Any CPU
		{025E010D-A22D-43AD-BD5C-0C97B27540F6}.Release|Any CPU.ActiveCfg = Release|Any CPU
		{025E010D-A22D-43AD-BD5C-0C97B27540F6}.Release|Any CPU.Build.0 = Release|Any CPU
		{B858D3BF-8C93-425D-B22D-6FECA136C43D}.Debug|Any CPU.ActiveCfg = Debug|Any CPU
		{B858D3BF-8C93-425D-B22D-6FECA136C43D}.Debug|Any CPU.Build.0 = Debug|Any CPU
		{B858D3BF-8C93-425D-B22D-6FECA136C43D}.Release|Any CPU.ActiveCfg = Release|Any CPU
		{B858D3BF-8C93-425D-B22D-6FECA136C43D}.Release|Any CPU.Build.0 = Release|Any CPU
	EndGlobalSection
	GlobalSection(SolutionProperties) = preSolution
		HideSolutionNode = FALSE
	EndGlobalSection
EndGlobal
